
Microsoft Visual Studio Solution File, Format Version 12.00
# Visual Studio 15
VisualStudioVersion = 15.0.28307.852
MinimumVisualStudioVersion = 10.0.40219.1
Project("{FAE04EC0-301F-11D3-BF4B-00C04F79EFBC}") = "Hello", "Hello\Hello.csproj", "{EDF45981-3DCD-47D9-BF88-914566065837}"
EndProject
Global
	GlobalSection(SolutionConfigurationPlatforms) = preSolution
		Debug|Any CPU = Debug|Any CPU
		Release|Any CPU = Release|Any CPU
	EndGlobalSection
	GlobalSection(ProjectConfigurationPlatforms) = postSolution
		{EDF45981-3DCD-47D9-BF88-914566065837}.Debug|Any CPU.ActiveCfg = Debug|Any CPU
		{EDF45981-3DCD-47D9-BF88-914566065837}.Debug|Any CPU.Build.0 = Debug|Any CPU
		{EDF45981-3DCD-47D9-BF88-914566065837}.Release|Any CPU.ActiveCfg = Release|Any CPU
		{EDF45981-3DCD-47D9-BF88-914566065837}.Release|Any CPU.Build.0 = Release|Any CPU
	EndGlobalSection
	GlobalSection(SolutionProperties) = preSolution
		HideSolutionNode = FALSE
	EndGlobalSection
	GlobalSection(ExtensibilityGlobals) = postSolution
		SolutionGuid = {E93EA436-776F-4CC6-8F38-D469DA20DE67}
	EndGlobalSection
EndGlobal
